
Microsoft Visual Studio Solution File, Format Version 12.00
# Visual Studio Version 16
VisualStudioVersion = 16.0.30907.101
MinimumVisualStudioVersion = 10.0.40219.1
Project("{00D1A9C2-B5F0-4AF3-8072-F6C62B433612}") = "CriaTabela", "CriaTabela.sqlproj", "{32B5178A-60D7-4FDC-832A-3F3D743E9954}"
EndProject
Project("{159641D6-6404-4A2A-AE62-294DE0FE8301}") = "CargaTabela", "..\Integration Services Project1\CargaTabela.dtproj", "{04DED6A0-3E21-4EF2-A5F6-DE2A63803998}"
EndProject
Global
	GlobalSection(SolutionConfigurationPlatforms) = preSolution
		Debug|Any CPU = Debug|Any CPU
		Development|Any CPU = Development|Any CPU
		Release|Any CPU = Release|Any CPU
	EndGlobalSection
	GlobalSection(ProjectConfigurationPlatforms) = postSolution
		{32B5178A-60D7-4FDC-832A-3F3D743E9954}.Debug|Any CPU.ActiveCfg = Debug|Any CPU
		{32B5178A-60D7-4FDC-832A-3F3D743E9954}.Debug|Any CPU.Build.0 = Debug|Any CPU
		{32B5178A-60D7-4FDC-832A-3F3D743E9954}.Debug|Any CPU.Deploy.0 = Debug|Any CPU
		{32B5178A-60D7-4FDC-832A-3F3D743E9954}.Development|Any CPU.ActiveCfg = Debug|Any CPU
		{32B5178A-60D7-4FDC-832A-3F3D743E9954}.Development|Any CPU.Build.0 = Debug|Any CPU
		{32B5178A-60D7-4FDC-832A-3F3D743E9954}.Development|Any CPU.Deploy.0 = Debug|Any CPU
		{32B5178A-60D7-4FDC-832A-3F3D743E9954}.Release|Any CPU.ActiveCfg = Release|Any CPU
		{32B5178A-60D7-4FDC-832A-3F3D743E9954}.Release|Any CPU.Build.0 = Release|Any CPU
		{32B5178A-60D7-4FDC-832A-3F3D743E9954}.Release|Any CPU.Deploy.0 = Release|Any CPU
		{04DED6A0-3E21-4EF2-A5F6-DE2A63803998}.Debug|Any CPU.ActiveCfg = Development
		{04DED6A0-3E21-4EF2-A5F6-DE2A63803998}.Debug|Any CPU.Build.0 = Development
		{04DED6A0-3E21-4EF2-A5F6-DE2A63803998}.Development|Any CPU.ActiveCfg = Development
		{04DED6A0-3E21-4EF2-A5F6-DE2A63803998}.Development|Any CPU.Build.0 = Development
		{04DED6A0-3E21-4EF2-A5F6-DE2A63803998}.Release|Any CPU.ActiveCfg = Development
		{04DED6A0-3E21-4EF2-A5F6-DE2A63803998}.Release|Any CPU.Build.0 = Development
	EndGlobalSection
	GlobalSection(SolutionProperties) = preSolution
		HideSolutionNode = FALSE
	EndGlobalSection
	GlobalSection(ExtensibilityGlobals) = postSolution
		SolutionGuid = {948E31CA-314A-4ED2-95EF-338904A5EF0F}
	EndGlobalSection
EndGlobal
